<?xml version="1.0" encoding="utf-8"?>
<Project ToolsVersion="4.0" xmlns="http://schemas.microsoft.com/developer/msbuild/2003">
  <ItemGroup>
    <Filter Include="Source Files">
      <UniqueIdentifier>{4FC737F1-C7A5-4376-A066-2A32D752A2FF}</UniqueIdentifier>
      <Extensions>cpp;c;cc;cxx;def;odl;idl;hpj;bat;asm;asmx</Extensions>
    </Filter>
    <Filter Include="Header Files">
      <UniqueIdentifier>{93995380-89BD-4b04-88EB-625FBE52EBFB}</UniqueIdentifier>
      <Extensions>h;hh;hpp;hxx;hm;inl;inc;xsd</Extensions>
    </Filter>
    <Filter Include="Resource Files">
      <UniqueIdentifier>{67DA6AB6-F800-4c08-8B7A-83BB121AAD01}</UniqueIdentifier>
      <Extensions>rc;ico;cur;bmp;dlg;rc2;rct;bin;rgs;gif;jpg;jpeg;jpe;resx;tiff;tif;png;wav;mfcribbon-ms</Extensions>
    </Filter>
    <Filter Include="Header Files\Engine">
      <UniqueIdentifier>{1c37b9f4-880e-4a76-a8c2-d60316d6b5a0}</UniqueIdentifier>
    </Filter>
    <Filter Include="Source Files\Engine">
      <UniqueIdentifier>{76804a96-ada4-4211-bebe-77a2e1e08339}</UniqueIdentifier>
    </Filter>
    <Filter Include="Header Files\Managers">
      <UniqueIdentifier>{9a060f31-a4d6-4638-974c-655e7c31c2fb}</UniqueIdentifier>
    </Filter>
    <Filter Include="Source Files\Managers">
      <UniqueIdentifier>{fb7b9b85-d1a0-4686-8393-8d0435547495}</UniqueIdentifier>
    </Filter>
    <Filter Include="Source Files\DXTKGui">
      <UniqueIdentifier>{ec182f94-3530-4083-aacc-63adac721fb2}</UniqueIdentifier>
    </Filter>
    <Filter Include="Source Files\DXTKGui\BaseGraphics">
      <UniqueIdentifier>{898aa462-282f-49fe-9ef4-5705260410b3}</UniqueIdentifier>
    </Filter>
    <Filter Include="Source Files\DXTKGui\Effects">
      <UniqueIdentifier>{5d39d85a-bf2c-4088-af84-4234eaef7052}</UniqueIdentifier>
    </Filter>
    <Filter Include="Source Files\DXTKGui\Controls">
      <UniqueIdentifier>{b02cce54-c4f7-40dc-8b07-e7837be62ed2}</UniqueIdentifier>
    </Filter>
    <Filter Include="Source Files\DXTKGui\Controllers">
      <UniqueIdentifier>{86993698-8c93-491b-9beb-b897bf36f522}</UniqueIdentifier>
    </Filter>
    <Filter Include="Header Files\DXTKGui">
      <UniqueIdentifier>{dd9fc71c-3b6a-45cf-90c1-f99b5b32fc64}</UniqueIdentifier>
    </Filter>
    <Filter Include="Header Files\DXTKGui\BaseGraphics">
      <UniqueIdentifier>{091e546d-d950-4277-b0d5-9879edf169b5}</UniqueIdentifier>
    </Filter>
    <Filter Include="Header Files\DXTKGui\Effects">
      <UniqueIdentifier>{aef1acfc-f251-4acf-b6f7-6995f50bf851}</UniqueIdentifier>
    </Filter>
    <Filter Include="Header Files\DXTKGui\Controls">
      <UniqueIdentifier>{7d99d9d8-9e7c-4a51-beb2-7d9883b73c4d}</UniqueIdentifier>
    </Filter>
    <Filter Include="Header Files\DXTKGui\Controllers">
      <UniqueIdentifier>{3531ea5a-d5d2-4dd1-8c1d-6b6f2a3c6641}</UniqueIdentifier>
    </Filter>
    <Filter Include="Source Files\Screens">
      <UniqueIdentifier>{c383fec0-8bcc-4d72-81d4-f920aef91068}</UniqueIdentifier>
    </Filter>
    <Filter Include="Header Files\Screens">
      <UniqueIdentifier>{4d0aa3dd-16f3-49c9-8f33-55f27ab4bbcd}</UniqueIdentifier>
    </Filter>
  </ItemGroup>
  <ItemGroup>
    <ClCompile Include="Source\Engine\main.cpp">
      <Filter>Source Files\Engine</Filter>
    </ClCompile>
    <ClCompile Include="Source\Engine\GameEngine.cpp">
      <Filter>Source Files\Engine</Filter>
    </ClCompile>
    <ClCompile Include="Source\Engine\GraphicsEngine.cpp">
      <Filter>Source Files\Engine</Filter>
    </ClCompile>
    <ClCompile Include="Source\Engine\Input.cpp">
      <Filter>Source Files\Engine</Filter>
    </ClCompile>
    <ClCompile Include="source\Managers\GameManager.cpp">
      <Filter>Source Files\Managers</Filter>
    </ClCompile>
    <ClCompile Include="source\Managers\MenuManager.cpp">
      <Filter>Source Files\Managers</Filter>
    </ClCompile>
    <ClCompile Include="source\DXTKGui\BaseGraphics\FontSet.cpp">
      <Filter>Source Files\DXTKGui\BaseGraphics</Filter>
    </ClCompile>
    <ClCompile Include="source\DXTKGui\BaseGraphics\GraphicsAsset.cpp">
      <Filter>Source Files\DXTKGui\BaseGraphics</Filter>
    </ClCompile>
    <ClCompile Include="source\DXTKGui\BaseGraphics\Sprite.cpp">
      <Filter>Source Files\DXTKGui\BaseGraphics</Filter>
    </ClCompile>
    <ClCompile Include="source\DXTKGui\BaseGraphics\PrimitiveShapes.cpp">
      <Filter>Source Files\DXTKGui\BaseGraphics</Filter>
    </ClCompile>
    <ClCompile Include="source\DXTKGui\Effects\ScreenTransitions.cpp">
      <Filter>Source Files\DXTKGui\Effects</Filter>
    </ClCompile>
    <ClCompile Include="source\DXTKGui\Controls\Button.cpp">
      <Filter>Source Files\DXTKGui\Controls</Filter>
    </ClCompile>
    <ClCompile Include="source\DXTKGui\Controls\CheckBox.cpp">
      <Filter>Source Files\DXTKGui\Controls</Filter>
    </ClCompile>
    <ClCompile Include="source\DXTKGui\Controls\ComboBox.cpp">
      <Filter>Source Files\DXTKGui\Controls</Filter>
    </ClCompile>
    <ClCompile Include="source\DXTKGui\Controls\Dialog.cpp">
      <Filter>Source Files\DXTKGui\Controls</Filter>
    </ClCompile>
    <ClCompile Include="source\DXTKGui\Controls\GUIControl.cpp">
      <Filter>Source Files\DXTKGui\Controls</Filter>
    </ClCompile>
    <ClCompile Include="source\DXTKGui\Controls\ListBox.cpp">
      <Filter>Source Files\DXTKGui\Controls</Filter>
    </ClCompile>
    <ClCompile Include="source\DXTKGui\Controls\ScrollBar.cpp">
      <Filter>Source Files\DXTKGui\Controls</Filter>
    </ClCompile>
    <ClCompile Include="source\DXTKGui\Controls\TextLabel.cpp">
      <Filter>Source Files\DXTKGui\Controls</Filter>
    </ClCompile>
    <ClCompile Include="source\DXTKGui\Controls\TexturePanel.cpp">
      <Filter>Source Files\DXTKGui\Controls</Filter>
    </ClCompile>
    <ClCompile Include="source\DXTKGui\Controllers\MouseController.cpp">
      <Filter>Source Files\DXTKGui\Controllers</Filter>
    </ClCompile>
    <ClCompile Include="source\DXTKGui\Effects\TransitionEffects.cpp">
      <Filter>Source Files\DXTKGui\Effects</Filter>
    </ClCompile>
    <ClCompile Include="source\Engine\Camera.cpp">
      <Filter>Source Files\Engine</Filter>
    </ClCompile>
    <ClCompile Include="source\DXTKGui\Controls\Spinner.cpp">
      <Filter>Source Files\DXTKGui\Controls</Filter>
    </ClCompile>
    <ClCompile Include="source\Managers\PlayerSlot.cpp">
      <Filter>Source Files\Managers</Filter>
    </ClCompile>
    <ClCompile Include="source\DXTKGui\GUIFactory.cpp">
      <Filter>Source Files\DXTKGui</Filter>
    </ClCompile>
    <ClCompile Include="source\DXTKGui\Controls\DynamicDialog.cpp">
      <Filter>Source Files\DXTKGui\Controls</Filter>
    </ClCompile>
    <ClCompile Include="source\Screens\GUIOverlay.cpp">
      <Filter>Source Files\Screens</Filter>
    </ClCompile>
    <ClCompile Include="source\DXTKGui\Controllers\Joystick.cpp">
      <Filter>Source Files\DXTKGui\Controllers</Filter>
    </ClCompile>
    <ClCompile Include="source\DXTKGui\Effects\LetterJammer.cpp">
      <Filter>Source Files\DXTKGui\Effects</Filter>
    </ClCompile>
    <ClCompile Include="source\DXTKGui\Controllers\Selector.cpp">
      <Filter>Source Files\DXTKGui\Controllers</Filter>
    </ClCompile>
    <ClCompile Include="source\DXTKGui\Controllers\KeyboardController.cpp">
      <Filter>Source Files\DXTKGui\Controllers</Filter>
    </ClCompile>
  </ItemGroup>
  <ItemGroup>
    <ClInclude Include="Source\Engine\GameEngine.h">
      <Filter>Header Files\Engine</Filter>
    </ClInclude>
    <ClInclude Include="Source\Engine\GraphicsEngine.h">
      <Filter>Header Files\Engine</Filter>
    </ClInclude>
    <ClInclude Include="Source\Engine\Input.h">
      <Filter>Header Files\Engine</Filter>
    </ClInclude>
    <ClInclude Include="source\Managers\GameManager.h">
      <Filter>Header Files\Managers</Filter>
    </ClInclude>
    <ClInclude Include="source\Managers\MenuManager.h">
      <Filter>Header Files\Managers</Filter>
    </ClInclude>
    <ClInclude Include="source\DXTKGui\BaseGraphics\FontSet.h">
      <Filter>Header Files\DXTKGui\BaseGraphics</Filter>
    </ClInclude>
    <ClInclude Include="source\DXTKGui\BaseGraphics\GraphicsAsset.h">
      <Filter>Header Files\DXTKGui\BaseGraphics</Filter>
    </ClInclude>
    <ClInclude Include="source\DXTKGui\BaseGraphics\IElement2D.h">
      <Filter>Header Files\DXTKGui\BaseGraphics</Filter>
    </ClInclude>
    <ClInclude Include="source\DXTKGui\BaseGraphics\screen.h">
      <Filter>Header Files\DXTKGui\BaseGraphics</Filter>
    </ClInclude>
    <ClInclude Include="source\DXTKGui\BaseGraphics\Sprite.h">
      <Filter>Header Files\DXTKGui\BaseGraphics</Filter>
    </ClInclude>
    <ClInclude Include="source\DXTKGui\BaseGraphics\PrimitiveShapes.h">
      <Filter>Header Files\DXTKGui\BaseGraphics</Filter>
    </ClInclude>
    <ClInclude Include="source\DXTKGui\Controls\Button.h">
      <Filter>Header Files\DXTKGui\Controls</Filter>
    </ClInclude>
    <ClInclude Include="source\DXTKGui\Controls\CheckBox.h">
      <Filter>Header Files\DXTKGui\Controls</Filter>
    </ClInclude>
    <ClInclude Include="source\DXTKGui\Controls\ComboBox.h">
      <Filter>Header Files\DXTKGui\Controls</Filter>
    </ClInclude>
    <ClInclude Include="source\DXTKGui\Controls\Dialog.h">
      <Filter>Header Files\DXTKGui\Controls</Filter>
    </ClInclude>
    <ClInclude Include="source\DXTKGui\Controls\GUIControl.h">
      <Filter>Header Files\DXTKGui\Controls</Filter>
    </ClInclude>
    <ClInclude Include="source\DXTKGui\Controls\ListBox.h">
      <Filter>Header Files\DXTKGui\Controls</Filter>
    </ClInclude>
    <ClInclude Include="source\DXTKGui\Controls\ScrollBar.h">
      <Filter>Header Files\DXTKGui\Controls</Filter>
    </ClInclude>
    <ClInclude Include="source\DXTKGui\Controls\TextLabel.h">
      <Filter>Header Files\DXTKGui\Controls</Filter>
    </ClInclude>
    <ClInclude Include="source\DXTKGui\Controls\TexturePanel.h">
      <Filter>Header Files\DXTKGui\Controls</Filter>
    </ClInclude>
    <ClInclude Include="source\DXTKGui\Effects\ScreenTransitions.h">
      <Filter>Header Files\DXTKGui\Effects</Filter>
    </ClInclude>
    <ClInclude Include="source\DXTKGui\Effects\TransitionEffects.h">
      <Filter>Header Files\DXTKGui\Effects</Filter>
    </ClInclude>
    <ClInclude Include="source\DXTKGui\Controllers\MouseController.h">
      <Filter>Header Files\DXTKGui\Controllers</Filter>
    </ClInclude>
    <ClInclude Include="Source\globals.h">
      <Filter>Header Files</Filter>
    </ClInclude>
    <ClInclude Include="source\DXTKGui\StringHelper.h">
      <Filter>Header Files\DXTKGui</Filter>
    </ClInclude>
    <ClInclude Include="source\Engine\Camera.h">
      <Filter>Header Files\Engine</Filter>
    </ClInclude>
    <ClInclude Include="source\DXTKGui\Controls\Spinner.h">
      <Filter>Header Files\DXTKGui\Controls</Filter>
    </ClInclude>
    <ClInclude Include="source\DXTKGui\GuiAssets.h">
      <Filter>Header Files</Filter>
    </ClInclude>
    <ClInclude Include="source\Managers\PlayerSlot.h">
      <Filter>Header Files\Managers</Filter>
    </ClInclude>
    <ClInclude Include="source\DXTKGui\GUIFactory.h">
      <Filter>Header Files\DXTKGui</Filter>
    </ClInclude>
    <ClInclude Include="source\DXTKGui\Controls\DynamicDialog.h">
      <Filter>Header Files\DXTKGui\Controls</Filter>
    </ClInclude>
    <ClInclude Include="source\Screens\GUIOverlay.h">
      <Filter>Header Files\Screens</Filter>
    </ClInclude>
    <ClInclude Include="source\DXTKGui\Controllers\Joystick.h">
      <Filter>Header Files\DXTKGui\Controllers</Filter>
    </ClInclude>
    <ClInclude Include="source\DXTKGui\Effects\LetterJammer.h">
      <Filter>Header Files\DXTKGui\Effects</Filter>
    </ClInclude>
    <ClInclude Include="source\DXTKGui\Controllers\Selector.h">
      <Filter>Header Files\DXTKGui\Controllers</Filter>
    </ClInclude>
    <ClInclude Include="source\DXTKGui\Controllers\KeyboardController.h">
      <Filter>Header Files\DXTKGui\Controllers</Filter>
    </ClInclude>
  </ItemGroup>
  <ItemGroup>
    <Xml Include="assets\AssetManifest.xml" />
  </ItemGroup>
  <ItemGroup>
    <None Include="packages.config" />
  </ItemGroup>
</Project>